<?xml version="1.0" encoding="utf-8"?>
<Project ToolsVersion="4.0" xmlns="http://schemas.microsoft.com/developer/msbuild/2003">
  <ItemGroup>
    <Filter Include="Hexel">
      <UniqueIdentifier>{9B524F0D-0767-77BE-D0E8-1A1E3CBC73EF}</UniqueIdentifier>
    </Filter>
    <Filter Include="Hexel\Events">
      <UniqueIdentifier>{1FA2F00B-0B05-80B0-B48A-B866A0CC4B33}</UniqueIdentifier>
    </Filter>
    <Filter Include="Platform">
      <UniqueIdentifier>{2AC788B4-1694-E3BF-3FAD-D1672BD9184E}</UniqueIdentifier>
    </Filter>
    <Filter Include="Platform\Windows">
      <UniqueIdentifier>{64FBD71A-50F4-F66C-7926-DCF1657ED678}</UniqueIdentifier>
    </Filter>
  </ItemGroup>
  <ItemGroup>
    <ClInclude Include="src\Hexel.h" />
    <ClInclude Include="src\Hexel\Application.h">
      <Filter>Hexel</Filter>
    </ClInclude>
    <ClInclude Include="src\Hexel\Core.h">
      <Filter>Hexel</Filter>
    </ClInclude>
    <ClInclude Include="src\Hexel\EntryPoint.h">
      <Filter>Hexel</Filter>
    </ClInclude>
    <ClInclude Include="src\Hexel\Events\ApplicationEvent.h">
      <Filter>Hexel\Events</Filter>
    </ClInclude>
    <ClInclude Include="src\Hexel\Events\Event.h">
      <Filter>Hexel\Events</Filter>
    </ClInclude>
    <ClInclude Include="src\Hexel\Events\KeyEvent.h">
      <Filter>Hexel\Events</Filter>
    </ClInclude>
    <ClInclude Include="src\Hexel\Events\MouseEvent.h">
      <Filter>Hexel\Events</Filter>
    </ClInclude>
    <ClInclude Include="src\Hexel\Log.h">
      <Filter>Hexel</Filter>
    </ClInclude>
    <ClInclude Include="src\Hexel\Window.h">
      <Filter>Hexel</Filter>
    </ClInclude>
    <ClInclude Include="src\Platform\Windows\WindowsWindow.h">
      <Filter>Platform\Windows</Filter>
    </ClInclude>
    <ClInclude Include="src\hxpch.h" />
  </ItemGroup>
  <ItemGroup>
    <ClCompile Include="src\Hexel\Application.cpp">
      <Filter>Hexel</Filter>
    </ClCompile>
    <ClCompile Include="src\Hexel\Log.cpp">
      <Filter>Hexel</Filter>
    </ClCompile>
    <ClCompile Include="src\Platform\Windows\WindowsWindow.cpp">
      <Filter>Platform\Windows</Filter>
    </ClCompile>
    <ClCompile Include="src\hxpch.cpp" />
  </ItemGroup>
</Project>